
Microsoft Visual Studio Solution File, Format Version 12.00
# Visual Studio Version 17
VisualStudioVersion = 17.0.31903.59
MinimumVisualStudioVersion = 10.0.40219.1
Project("{2150E333-8FDC-42A3-9474-1A3956D46DE8}") = "src", "src", "{827E0CD3-B72D-47B6-A68D-7590B98EB39B}"
EndProject
Project("{FAE04EC0-301F-11D3-BF4B-00C04F79EFBC}") = "FleetErp.Domain", "src\FleetErp.Domain\FleetErp.Domain.csproj", "{9BB986CE-816E-433C-917F-3FDC33A5EE46}"
EndProject
Project("{FAE04EC0-301F-11D3-BF4B-00C04F79EFBC}") = "FleetErp.Application", "src\FleetErp.Application\FleetErp.Application.csproj", "{C2637DBB-3C93-4D89-A21F-E139755E00BE}"
EndProject
Project("{FAE04EC0-301F-11D3-BF4B-00C04F79EFBC}") = "FleetErp.Infrastructure", "src\FleetErp.Infrastructure\FleetErp.Infrastructure.csproj", "{13759896-4385-4536-A4FB-A95EEE448199}"
EndProject
Project("{FAE04EC0-301F-11D3-BF4B-00C04F79EFBC}") = "FleetErp.Api", "src\FleetErp.Api\FleetErp.Api.csproj", "{7866237A-6A47-416F-9F95-243BE132BBB0}"
EndProject
Project("{FAE04EC0-301F-11D3-BF4B-00C04F79EFBC}") = "FleetErp.Web", "src\FleetErp.Web\FleetErp.Web.csproj", "{B1FDF4ED-5CBC-44DC-80D5-0EB8DEF0D16E}"
EndProject
Project("{FAE04EC0-301F-11D3-BF4B-00C04F79EFBC}") = "FleetErp.UnitTests", "tests\FleetErp.UnitTests\FleetErp.UnitTests.csproj", "{AAE3B948-9278-432A-A56B-3B99B1ED0DE4}"
EndProject
Global
	GlobalSection(SolutionConfigurationPlatforms) = preSolution
		Debug|Any CPU = Debug|Any CPU
		Debug|x64 = Debug|x64
		Debug|x86 = Debug|x86
		Release|Any CPU = Release|Any CPU
		Release|x64 = Release|x64
		Release|x86 = Release|x86
	EndGlobalSection
	GlobalSection(ProjectConfigurationPlatforms) = postSolution
		{9BB986CE-816E-433C-917F-3FDC33A5EE46}.Debug|Any CPU.ActiveCfg = Debug|Any CPU
		{9BB986CE-816E-433C-917F-3FDC33A5EE46}.Debug|Any CPU.Build.0 = Debug|Any CPU
		{9BB986CE-816E-433C-917F-3FDC33A5EE46}.Debug|x64.ActiveCfg = Debug|Any CPU
		{9BB986CE-816E-433C-917F-3FDC33A5EE46}.Debug|x64.Build.0 = Debug|Any CPU
		{9BB986CE-816E-433C-917F-3FDC33A5EE46}.Debug|x86.ActiveCfg = Debug|Any CPU
		{9BB986CE-816E-433C-917F-3FDC33A5EE46}.Debug|x86.Build.0 = Debug|Any CPU
		{9BB986CE-816E-433C-917F-3FDC33A5EE46}.Release|Any CPU.ActiveCfg = Release|Any CPU
		{9BB986CE-816E-433C-917F-3FDC33A5EE46}.Release|Any CPU.Build.0 = Release|Any CPU
		{9BB986CE-816E-433C-917F-3FDC33A5EE46}.Release|x64.ActiveCfg = Release|Any CPU
		{9BB986CE-816E-433C-917F-3FDC33A5EE46}.Release|x64.Build.0 = Release|Any CPU
		{9BB986CE-816E-433C-917F-3FDC33A5EE46}.Release|x86.ActiveCfg = Release|Any CPU
		{9BB986CE-816E-433C-917F-3FDC33A5EE46}.Release|x86.Build.0 = Release|Any CPU
		{C2637DBB-3C93-4D89-A21F-E139755E00BE}.Debug|Any CPU.ActiveCfg = Debug|Any CPU
		{C2637DBB-3C93-4D89-A21F-E139755E00BE}.Debug|Any CPU.Build.0 = Debug|Any CPU
		{C2637DBB-3C93-4D89-A21F-E139755E00BE}.Debug|x64.ActiveCfg = Debug|Any CPU
		{C2637DBB-3C93-4D89-A21F-E139755E00BE}.Debug|x64.Build.0 = Debug|Any CPU
		{C2637DBB-3C93-4D89-A21F-E139755E00BE}.Debug|x86.ActiveCfg = Debug|Any CPU
		{C2637DBB-3C93-4D89-A21F-E139755E00BE}.Debug|x86.Build.0 = Debug|Any CPU
		{C2637DBB-3C93-4D89-A21F-E139755E00BE}.Release|Any CPU.ActiveCfg = Release|Any CPU
		{C2637DBB-3C93-4D89-A21F-E139755E00BE}.Release|Any CPU.Build.0 = Release|Any CPU
		{C2637DBB-3C93-4D89-A21F-E139755E00BE}.Release|x64.ActiveCfg = Release|Any CPU
		{C2637DBB-3C93-4D89-A21F-E139755E00BE}.Release|x64.Build.0 = Release|Any CPU
		{C2637DBB-3C93-4D89-A21F-E139755E00BE}.Release|x86.ActiveCfg = Release|Any CPU
		{C2637DBB-3C93-4D89-A21F-E139755E00BE}.Release|x86.Build.0 = Release|Any CPU
		{13759896-4385-4536-A4FB-A95EEE448199}.Debug|Any CPU.ActiveCfg = Debug|Any CPU
		{13759896-4385-4536-A4FB-A95EEE448199}.Debug|Any CPU.Build.0 = Debug|Any CPU
		{13759896-4385-4536-A4FB-A95EEE448199}.Debug|x64.ActiveCfg = Debug|Any CPU
		{13759896-4385-4536-A4FB-A95EEE448199}.Debug|x64.Build.0 = Debug|Any CPU
		{13759896-4385-4536-A4FB-A95EEE448199}.Debug|x86.ActiveCfg = Debug|Any CPU
		{13759896-4385-4536-A4FB-A95EEE448199}.Debug|x86.Build.0 = Debug|Any CPU
		{13759896-4385-4536-A4FB-A95EEE448199}.Release|Any CPU.ActiveCfg = Release|Any CPU
		{13759896-4385-4536-A4FB-A95EEE448199}.Release|Any CPU.Build.0 = Release|Any CPU
		{13759896-4385-4536-A4FB-A95EEE448199}.Release|x64.ActiveCfg = Release|Any CPU
		{13759896-4385-4536-A4FB-A95EEE448199}.Release|x64.Build.0 = Release|Any CPU
		{13759896-4385-4536-A4FB-A95EEE448199}.Release|x86.ActiveCfg = Release|Any CPU
		{13759896-4385-4536-A4FB-A95EEE448199}.Release|x86.Build.0 = Release|Any CPU
		{7866237A-6A47-416F-9F95-243BE132BBB0}.Debug|Any CPU.ActiveCfg = Debug|Any CPU
		{7866237A-6A47-416F-9F95-243BE132BBB0}.Debug|Any CPU.Build.0 = Debug|Any CPU
		{7866237A-6A47-416F-9F95-243BE132BBB0}.Debug|x64.ActiveCfg = Debug|Any CPU
		{7866237A-6A47-416F-9F95-243BE132BBB0}.Debug|x64.Build.0 = Debug|Any CPU
		{7866237A-6A47-416F-9F95-243BE132BBB0}.Debug|x86.ActiveCfg = Debug|Any CPU
		{7866237A-6A47-416F-9F95-243BE132BBB0}.Debug|x86.Build.0 = Debug|Any CPU
		{7866237A-6A47-416F-9F95-243BE132BBB0}.Release|Any CPU.ActiveCfg = Release|Any CPU
		{7866237A-6A47-416F-9F95-243BE132BBB0}.Release|Any CPU.Build.0 = Release|Any CPU
		{7866237A-6A47-416F-9F95-243BE132BBB0}.Release|x64.ActiveCfg = Release|Any CPU
		{7866237A-6A47-416F-9F95-243BE132BBB0}.Release|x64.Build.0 = Release|Any CPU
		{7866237A-6A47-416F-9F95-243BE132BBB0}.Release|x86.ActiveCfg = Release|Any CPU
		{7866237A-6A47-416F-9F95-243BE132BBB0}.Release|x86.Build.0 = Release|Any CPU
		{B1FDF4ED-5CBC-44DC-80D5-0EB8DEF0D16E}.Debug|Any CPU.ActiveCfg = Debug|Any CPU
		{B1FDF4ED-5CBC-44DC-80D5-0EB8DEF0D16E}.Debug|Any CPU.Build.0 = Debug|Any CPU
		{B1FDF4ED-5CBC-44DC-80D5-0EB8DEF0D16E}.Debug|x64.ActiveCfg = Debug|Any CPU
		{B1FDF4ED-5CBC-44DC-80D5-0EB8DEF0D16E}.Debug|x64.Build.0 = Debug|Any CPU
		{B1FDF4ED-5CBC-44DC-80D5-0EB8DEF0D16E}.Debug|x86.ActiveCfg = Debug|Any CPU
		{B1FDF4ED-5CBC-44DC-80D5-0EB8DEF0D16E}.Debug|x86.Build.0 = Debug|Any CPU
		{B1FDF4ED-5CBC-44DC-80D5-0EB8DEF0D16E}.Release|Any CPU.ActiveCfg = Release|Any CPU
		{B1FDF4ED-5CBC-44DC-80D5-0EB8DEF0D16E}.Release|Any CPU.Build.0 = Release|Any CPU
		{B1FDF4ED-5CBC-44DC-80D5-0EB8DEF0D16E}.Release|x64.ActiveCfg = Release|Any CPU
		{B1FDF4ED-5CBC-44DC-80D5-0EB8DEF0D16E}.Release|x64.Build.0 = Release|Any CPU
		{B1FDF4ED-5CBC-44DC-80D5-0EB8DEF0D16E}.Release|x86.ActiveCfg = Release|Any CPU
		{B1FDF4ED-5CBC-44DC-80D5-0EB8DEF0D16E}.Release|x86.Build.0 = Release|Any CPU
		{AAE3B948-9278-432A-A56B-3B99B1ED0DE4}.Debug|Any CPU.ActiveCfg = Debug|Any CPU
		{AAE3B948-9278-432A-A56B-3B99B1ED0DE4}.Debug|Any CPU.Build.0 = Debug|Any CPU
		{AAE3B948-9278-432A-A56B-3B99B1ED0DE4}.Debug|x64.ActiveCfg = Debug|Any CPU
		{AAE3B948-9278-432A-A56B-3B99B1ED0DE4}.Debug|x64.Build.0 = Debug|Any CPU
		{AAE3B948-9278-432A-A56B-3B99B1ED0DE4}.Debug|x86.ActiveCfg = Debug|Any CPU
		{AAE3B948-9278-432A-A56B-3B99B1ED0DE4}.Debug|x86.Build.0 = Debug|Any CPU
		{AAE3B948-9278-432A-A56B-3B99B1ED0DE4}.Release|Any CPU.ActiveCfg = Release|Any CPU
		{AAE3B948-9278-432A-A56B-3B99B1ED0DE4}.Release|Any CPU.Build.0 = Release|Any CPU
		{AAE3B948-9278-432A-A56B-3B99B1ED0DE4}.Release|x64.ActiveCfg = Release|Any CPU
		{AAE3B948-9278-432A-A56B-3B99B1ED0DE4}.Release|x64.Build.0 = Release|Any CPU
		{AAE3B948-9278-432A-A56B-3B99B1ED0DE4}.Release|x86.ActiveCfg = Release|Any CPU
		{AAE3B948-9278-432A-A56B-3B99B1ED0DE4}.Release|x86.Build.0 = Release|Any CPU
	EndGlobalSection
	GlobalSection(SolutionProperties) = preSolution
		HideSolutionNode = FALSE
	EndGlobalSection
	GlobalSection(NestedProjects) = preSolution
		{9BB986CE-816E-433C-917F-3FDC33A5EE46} = {827E0CD3-B72D-47B6-A68D-7590B98EB39B}
		{C2637DBB-3C93-4D89-A21F-E139755E00BE} = {827E0CD3-B72D-47B6-A68D-7590B98EB39B}
		{13759896-4385-4536-A4FB-A95EEE448199} = {827E0CD3-B72D-47B6-A68D-7590B98EB39B}
		{7866237A-6A47-416F-9F95-243BE132BBB0} = {827E0CD3-B72D-47B6-A68D-7590B98EB39B}
		{B1FDF4ED-5CBC-44DC-80D5-0EB8DEF0D16E} = {827E0CD3-B72D-47B6-A68D-7590B98EB39B}
		{AAE3B948-9278-432A-A56B-3B99B1ED0DE4} = {827E0CD3-B72D-47B6-A68D-7590B98EB39B}
	EndGlobalSection
EndGlobal
